
Microsoft Visual Studio Solution File, Format Version 12.00
# Visual Studio Version 16
VisualStudioVersion = 16.0.30717.126
MinimumVisualStudioVersion = 10.0.40219.1
Project("{F5034706-568F-408A-B7B3-4D38C6DB8A32}") = "PsFCIV", "PsFCIV\PsFCIV.pssproj", "{6CAFC0C6-A428-4D30-A9F9-700E829FEA51}"
	ProjectSection(ProjectDependencies) = postProject
		{5537A459-3A9E-42FD-830D-C8BC9B40148A} = {5537A459-3A9E-42FD-830D-C8BC9B40148A}
	EndProjectSection
EndProject
Project("{FAE04EC0-301F-11D3-BF4B-00C04F79EFBC}") = "PsFCIV.Support", "PsFCIV.Support\PsFCIV.Support.csproj", "{5537A459-3A9E-42FD-830D-C8BC9B40148A}"
EndProject
Global
	GlobalSection(SolutionConfigurationPlatforms) = preSolution
		Debug|Any CPU = Debug|Any CPU
		Release|Any CPU = Release|Any CPU
	EndGlobalSection
	GlobalSection(ProjectConfigurationPlatforms) = postSolution
		{6CAFC0C6-A428-4D30-A9F9-700E829FEA51}.Debug|Any CPU.ActiveCfg = Debug|Any CPU
		{6CAFC0C6-A428-4D30-A9F9-700E829FEA51}.Debug|Any CPU.Build.0 = Debug|Any CPU
		{6CAFC0C6-A428-4D30-A9F9-700E829FEA51}.Release|Any CPU.ActiveCfg = Release|Any CPU
		{6CAFC0C6-A428-4D30-A9F9-700E829FEA51}.Release|Any CPU.Build.0 = Release|Any CPU
		{5537A459-3A9E-42FD-830D-C8BC9B40148A}.Debug|Any CPU.ActiveCfg = Debug|Any CPU
		{5537A459-3A9E-42FD-830D-C8BC9B40148A}.Debug|Any CPU.Build.0 = Debug|Any CPU
		{5537A459-3A9E-42FD-830D-C8BC9B40148A}.Release|Any CPU.ActiveCfg = Release|Any CPU
		{5537A459-3A9E-42FD-830D-C8BC9B40148A}.Release|Any CPU.Build.0 = Release|Any CPU
	EndGlobalSection
	GlobalSection(SolutionProperties) = preSolution
		HideSolutionNode = FALSE
	EndGlobalSection
	GlobalSection(ExtensibilityGlobals) = postSolution
		SolutionGuid = {A5243C50-80FB-4E49-A6F3-5D966C494045}
	EndGlobalSection
EndGlobal
